// !$*UTF8*$!
{
	archiveVersion = 1;
	classes = {
	};
	objectVersion = 46;
	objects = {

/* Begin PBXBuildFile section */
		3BE130ED1E1D60FA00AA7177 /* AppDelegate.swift in Sources */ = {isa = PBXBuildFile; fileRef = 3BE130EC1E1D60FA00AA7177 /* AppDelegate.swift */; };
		3BE130EF1E1D60FA00AA7177 /* HomeVC.swift in Sources */ = {isa = PBXBuildFile; fileRef = 3BE130EE1E1D60FA00AA7177 /* HomeVC.swift */; };
		3BE130F21E1D60FA00AA7177 /* Main.storyboard in Resources */ = {isa = PBXBuildFile; fileRef = 3BE130F01E1D60FA00AA7177 /* Main.storyboard */; };
		3BE130F41E1D60FA00AA7177 /* Assets.xcassets in Resources */ = {isa = PBXBuildFile; fileRef = 3BE130F31E1D60FA00AA7177 /* Assets.xcassets */; };
		3BE130F71E1D60FA00AA7177 /* LaunchScreen.storyboard in Resources */ = {isa = PBXBuildFile; fileRef = 3BE130F51E1D60FA00AA7177 /* LaunchScreen.storyboard */; };
		3BE131021E1D66C600AA7177 /* SigninVC.swift in Sources */ = {isa = PBXBuildFile; fileRef = 3BE131011E1D66C600AA7177 /* SigninVC.swift */; };
		3BE131041E1D6B3C00AA7177 /* SignupVC.swift in Sources */ = {isa = PBXBuildFile; fileRef = 3BE131031E1D6B3C00AA7177 /* SignupVC.swift */; };
		3BE131071E1DAA0D00AA7177 /* Constants.swift in Sources */ = {isa = PBXBuildFile; fileRef = 3BE131061E1DAA0D00AA7177 /* Constants.swift */; };
		3BE1310B1E1EACBC00AA7177 /* UserInfoVC.swift in Sources */ = {isa = PBXBuildFile; fileRef = 3BE1310A1E1EACBC00AA7177 /* UserInfoVC.swift */; };
		3BE1310D1E1ED49F00AA7177 /* Link.html in Resources */ = {isa = PBXBuildFile; fileRef = 3BE1310C1E1ED49F00AA7177 /* Link.html */; };
		3BE1310F1E1ED52100AA7177 /* AddBankVC.swift in Sources */ = {isa = PBXBuildFile; fileRef = 3BE1310E1E1ED52100AA7177 /* AddBankVC.swift */; };
		690FD469597D905202F8D76A /* Pods_giving.framework in Frameworks */ = {isa = PBXBuildFile; fileRef = B018209D342ABBB4B2E19567 /* Pods_giving.framework */; };
/* End PBXBuildFile section */

/* Begin PBXFileReference section */
		3BE130E91E1D60FA00AA7177 /* giving.app */ = {isa = PBXFileReference; explicitFileType = wrapper.application; includeInIndex = 0; path = giving.app; sourceTree = BUILT_PRODUCTS_DIR; };
		3BE130EC1E1D60FA00AA7177 /* AppDelegate.swift */ = {isa = PBXFileReference; lastKnownFileType = sourcecode.swift; path = AppDelegate.swift; sourceTree = "<group>"; };
		3BE130EE1E1D60FA00AA7177 /* HomeVC.swift */ = {isa = PBXFileReference; lastKnownFileType = sourcecode.swift; path = HomeVC.swift; sourceTree = "<group>"; };
		3BE130F11E1D60FA00AA7177 /* Base */ = {isa = PBXFileReference; lastKnownFileType = file.storyboard; name = Base; path = Base.lproj/Main.storyboard; sourceTree = "<group>"; };
		3BE130F31E1D60FA00AA7177 /* Assets.xcassets */ = {isa = PBXFileReference; lastKnownFileType = folder.assetcatalog; path = Assets.xcassets; sourceTree = "<group>"; };
		3BE130F61E1D60FA00AA7177 /* Base */ = {isa = PBXFileReference; lastKnownFileType = file.storyboard; name = Base; path = Base.lproj/LaunchScreen.storyboard; sourceTree = "<group>"; };
		3BE130F81E1D60FA00AA7177 /* Info.plist */ = {isa = PBXFileReference; lastKnownFileType = text.plist.xml; path = Info.plist; sourceTree = "<group>"; };
		3BE131011E1D66C600AA7177 /* SigninVC.swift */ = {isa = PBXFileReference; fileEncoding = 4; lastKnownFileType = sourcecode.swift; path = SigninVC.swift; sourceTree = "<group>"; };
		3BE131031E1D6B3C00AA7177 /* SignupVC.swift */ = {isa = PBXFileReference; fileEncoding = 4; lastKnownFileType = sourcecode.swift; path = SignupVC.swift; sourceTree = "<group>"; };
		3BE131061E1DAA0D00AA7177 /* Constants.swift */ = {isa = PBXFileReference; fileEncoding = 4; lastKnownFileType = sourcecode.swift; path = Constants.swift; sourceTree = "<group>"; };
		3BE1310A1E1EACBC00AA7177 /* UserInfoVC.swift */ = {isa = PBXFileReference; fileEncoding = 4; lastKnownFileType = sourcecode.swift; path = UserInfoVC.swift; sourceTree = "<group>"; };
		3BE1310C1E1ED49F00AA7177 /* Link.html */ = {isa = PBXFileReference; fileEncoding = 4; lastKnownFileType = text.html; name = Link.html; path = giving/Link.html; sourceTree = "<group>"; };
		3BE1310E1E1ED52100AA7177 /* AddBankVC.swift */ = {isa = PBXFileReference; fileEncoding = 4; lastKnownFileType = sourcecode.swift; path = AddBankVC.swift; sourceTree = "<group>"; };
		9A36045BBB55A0DC9A090752 /* Pods-giving.release.xcconfig */ = {isa = PBXFileReference; includeInIndex = 1; lastKnownFileType = text.xcconfig; name = "Pods-giving.release.xcconfig"; path = "Pods/Target Support Files/Pods-giving/Pods-giving.release.xcconfig"; sourceTree = "<group>"; };
		B018209D342ABBB4B2E19567 /* Pods_giving.framework */ = {isa = PBXFileReference; explicitFileType = wrapper.framework; includeInIndex = 0; path = Pods_giving.framework; sourceTree = BUILT_PRODUCTS_DIR; };
		C8D301EA194299301FFE735A /* Pods-giving.debug.xcconfig */ = {isa = PBXFileReference; includeInIndex = 1; lastKnownFileType = text.xcconfig; name = "Pods-giving.debug.xcconfig"; path = "Pods/Target Support Files/Pods-giving/Pods-giving.debug.xcconfig"; sourceTree = "<group>"; };
/* End PBXFileReference section */

/* Begin PBXFrameworksBuildPhase section */
		3BE130E61E1D60FA00AA7177 /* Frameworks */ = {
			isa = PBXFrameworksBuildPhase;
			buildActionMask = 2147483647;
			files = (
				690FD469597D905202F8D76A /* Pods_giving.framework in Frameworks */,
			);
			runOnlyForDeploymentPostprocessing = 0;
		};
/* End PBXFrameworksBuildPhase section */

/* Begin PBXGroup section */
		3BE130E01E1D60FA00AA7177 = {
			isa = PBXGroup;
			children = (
				3BE1310C1E1ED49F00AA7177 /* Link.html */,
				3BE130EB1E1D60FA00AA7177 /* giving */,
				3BE130EA1E1D60FA00AA7177 /* Products */,
				E04598CF76D63825B5954F91 /* Pods */,
				C2F80ED07AA93148FDF7D818 /* Frameworks */,
			);
			sourceTree = "<group>";
		};
		3BE130EA1E1D60FA00AA7177 /* Products */ = {
			isa = PBXGroup;
			children = (
				3BE130E91E1D60FA00AA7177 /* giving.app */,
			);
			name = Products;
			sourceTree = "<group>";
		};
		3BE130EB1E1D60FA00AA7177 /* giving */ = {
			isa = PBXGroup;
			children = (
				3BE131051E1DA9FD00AA7177 /* Util */,
				3BE131001E1D625700AA7177 /* Controllers */,
				3BE130FF1E1D624D00AA7177 /* Views */,
				3BE130FE1E1D624600AA7177 /* Models */,
				3BE130EC1E1D60FA00AA7177 /* AppDelegate.swift */,
				3BE130F01E1D60FA00AA7177 /* Main.storyboard */,
				3BE130F31E1D60FA00AA7177 /* Assets.xcassets */,
				3BE130F51E1D60FA00AA7177 /* LaunchScreen.storyboard */,
				3BE130F81E1D60FA00AA7177 /* Info.plist */,
			);
			path = giving;
			sourceTree = "<group>";
		};
		3BE130FE1E1D624600AA7177 /* Models */ = {
			isa = PBXGroup;
			children = (
			);
			name = Models;
			sourceTree = "<group>";
		};
		3BE130FF1E1D624D00AA7177 /* Views */ = {
			isa = PBXGroup;
			children = (
			);
			name = Views;
			sourceTree = "<group>";
		};
		3BE131001E1D625700AA7177 /* Controllers */ = {
			isa = PBXGroup;
			children = (
				3BE130EE1E1D60FA00AA7177 /* HomeVC.swift */,
				3BE131011E1D66C600AA7177 /* SigninVC.swift */,
				3BE131031E1D6B3C00AA7177 /* SignupVC.swift */,
				3BE1310A1E1EACBC00AA7177 /* UserInfoVC.swift */,
				3BE1310E1E1ED52100AA7177 /* AddBankVC.swift */,
			);
			name = Controllers;
			sourceTree = "<group>";
		};
		3BE131051E1DA9FD00AA7177 /* Util */ = {
			isa = PBXGroup;
			children = (
				3BE131061E1DAA0D00AA7177 /* Constants.swift */,
			);
			name = Util;
			sourceTree = "<group>";
		};
		C2F80ED07AA93148FDF7D818 /* Frameworks */ = {
			isa = PBXGroup;
			children = (
				B018209D342ABBB4B2E19567 /* Pods_giving.framework */,
			);
			name = Frameworks;
			sourceTree = "<group>";
		};
		E04598CF76D63825B5954F91 /* Pods */ = {
			isa = PBXGroup;
			children = (
				C8D301EA194299301FFE735A /* Pods-giving.debug.xcconfig */,
				9A36045BBB55A0DC9A090752 /* Pods-giving.release.xcconfig */,
			);
			name = Pods;
			sourceTree = "<group>";
		};
/* End PBXGroup section */

/* Begin PBXNativeTarget section */
		3BE130E81E1D60FA00AA7177 /* giving */ = {
			isa = PBXNativeTarget;
			buildConfigurationList = 3BE130FB1E1D60FA00AA7177 /* Build configuration list for PBXNativeTarget "giving" */;
			buildPhases = (
				9B722DA51F96D689BBCCB4D1 /* [CP] Check Pods Manifest.lock */,
				3BE130E51E1D60FA00AA7177 /* Sources */,
				3BE130E61E1D60FA00AA7177 /* Frameworks */,
				3BE130E71E1D60FA00AA7177 /* Resources */,
				5E581E8152438451D184FF12 /* [CP] Embed Pods Frameworks */,
				D2D996792D2068F520D89992 /* [CP] Copy Pods Resources */,
			);
			buildRules = (
			);
			dependencies = (
			);
			name = giving;
			productName = giving;
			productReference = 3BE130E91E1D60FA00AA7177 /* giving.app */;
			productType = "com.apple.product-type.application";
		};
/* End PBXNativeTarget section */

/* Begin PBXProject section */
		3BE130E11E1D60FA00AA7177 /* Project object */ = {
			isa = PBXProject;
			attributes = {
				LastSwiftUpdateCheck = 0820;
				LastUpgradeCheck = 0820;
				ORGANIZATIONNAME = "Taylor King";
				TargetAttributes = {
					3BE130E81E1D60FA00AA7177 = {
						CreatedOnToolsVersion = 8.2.1;
						DevelopmentTeam = 2TNDFYS6JC;
						ProvisioningStyle = Automatic;
					};
				};
			};
			buildConfigurationList = 3BE130E41E1D60FA00AA7177 /* Build configuration list for PBXProject "giving" */;
			compatibilityVersion = "Xcode 3.2";
			developmentRegion = English;
			hasScannedForEncodings = 0;
			knownRegions = (
				en,
				Base,
			);
			mainGroup = 3BE130E01E1D60FA00AA7177;
			productRefGroup = 3BE130EA1E1D60FA00AA7177 /* Products */;
			projectDirPath = "";
			projectRoot = "";
			targets = (
				3BE130E81E1D60FA00AA7177 /* giving */,
			);
		};
/* End PBXProject section */

/* Begin PBXResourcesBuildPhase section */
		3BE130E71E1D60FA00AA7177 /* Resources */ = {
			isa = PBXResourcesBuildPhase;
			buildActionMask = 2147483647;
			files = (
				3BE1310D1E1ED49F00AA7177 /* Link.html in Resources */,
				3BE130F71E1D60FA00AA7177 /* LaunchScreen.storyboard in Resources */,
				3BE130F41E1D60FA00AA7177 /* Assets.xcassets in Resources */,
				3BE130F21E1D60FA00AA7177 /* Main.storyboard in Resources */,
			);
			runOnlyForDeploymentPostprocessing = 0;
		};
/* End PBXResourcesBuildPhase section */

/* Begin PBXShellScriptBuildPhase section */
		5E581E8152438451D184FF12 /* [CP] Embed Pods Frameworks */ = {
			isa = PBXShellScriptBuildPhase;
			buildActionMask = 2147483647;
			files = (
			);
			inputPaths = (
			);
			name = "[CP] Embed Pods Frameworks";
			outputPaths = (
			);
			runOnlyForDeploymentPostprocessing = 0;
			shellPath = /bin/sh;
			shellScript = "\"${SRCROOT}/Pods/Target Support Files/Pods-giving/Pods-giving-frameworks.sh\"\n";
			showEnvVarsInLog = 0;
		};
		9B722DA51F96D689BBCCB4D1 /* [CP] Check Pods Manifest.lock */ = {
			isa = PBXShellScriptBuildPhase;
			buildActionMask = 2147483647;
			files = (
			);
			inputPaths = (
			);
			name = "[CP] Check Pods Manifest.lock";
			outputPaths = (
			);
			runOnlyForDeploymentPostprocessing = 0;
			shellPath = /bin/sh;
			shellScript = "diff \"${PODS_ROOT}/../Podfile.lock\" \"${PODS_ROOT}/Manifest.lock\" > /dev/null\nif [ $? != 0 ] ; then\n    # print error to STDERR\n    echo \"error: The sandbox is not in sync with the Podfile.lock. Run 'pod install' or update your CocoaPods installation.\" >&2\n    exit 1\nfi\n";
			showEnvVarsInLog = 0;
		};
		D2D996792D2068F520D89992 /* [CP] Copy Pods Resources */ = {
			isa = PBXShellScriptBuildPhase;
			buildActionMask = 2147483647;
			files = (
			);
			inputPaths = (
			);
			name = "[CP] Copy Pods Resources";
			outputPaths = (
			);
			runOnlyForDeploymentPostprocessing = 0;
			shellPath = /bin/sh;
			shellScript = "\"${SRCROOT}/Pods/Target Support Files/Pods-giving/Pods-giving-resources.sh\"\n";
			showEnvVarsInLog = 0;
		};
/* End PBXShellScriptBuildPhase section */

/* Begin PBXSourcesBuildPhase section */
		3BE130E51E1D60FA00AA7177 /* Sources */ = {
			isa = PBXSourcesBuildPhase;
			buildActionMask = 2147483647;
			files = (
				3BE1310F1E1ED52100AA7177 /* AddBankVC.swift in Sources */,
				3BE131071E1DAA0D00AA7177 /* Constants.swift in Sources */,
				3BE131041E1D6B3C00AA7177 /* SignupVC.swift in Sources */,
				3BE130EF1E1D60FA00AA7177 /* HomeVC.swift in Sources */,
				3BE131021E1D66C600AA7177 /* SigninVC.swift in Sources */,
				3BE130ED1E1D60FA00AA7177 /* AppDelegate.swift in Sources */,
				3BE1310B1E1EACBC00AA7177 /* UserInfoVC.swift in Sources */,
			);
			runOnlyForDeploymentPostprocessing = 0;
		};
/* End PBXSourcesBuildPhase section */

/* Begin PBXVariantGroup section */
		3BE130F01E1D60FA00AA7177 /* Main.storyboard */ = {
			isa = PBXVariantGroup;
			children = (
				3BE130F11E1D60FA00AA7177 /* Base */,
			);
			name = Main.storyboard;
			sourceTree = "<group>";
		};
		3BE130F51E1D60FA00AA7177 /* LaunchScreen.storyboard */ = {
			isa = PBXVariantGroup;
			children = (
				3BE130F61E1D60FA00AA7177 /* Base */,
			);
			name = LaunchScreen.storyboard;
			sourceTree = "<group>";
		};
/* End PBXVariantGroup section */

/* Begin XCBuildConfiguration section */
		3BE130F91E1D60FA00AA7177 /* Debug */ = {
			isa = XCBuildConfiguration;
			buildSettings = {
				ALWAYS_SEARCH_USER_PATHS = NO;
				CLANG_ANALYZER_NONNULL = YES;
				CLANG_CXX_LANGUAGE_STANDARD = "gnu++0x";
				CLANG_CXX_LIBRARY = "libc++";
				CLANG_ENABLE_MODULES = YES;
				CLANG_ENABLE_OBJC_ARC = YES;
				CLANG_WARN_BOOL_CONVERSION = YES;
				CLANG_WARN_CONSTANT_CONVERSION = YES;
				CLANG_WARN_DIRECT_OBJC_ISA_USAGE = YES_ERROR;
				CLANG_WARN_DOCUMENTATION_COMMENTS = YES;
				CLANG_WARN_EMPTY_BODY = YES;
				CLANG_WARN_ENUM_CONVERSION = YES;
				CLANG_WARN_INFINITE_RECURSION = YES;
				CLANG_WARN_INT_CONVERSION = YES;
				CLANG_WARN_OBJC_ROOT_CLASS = YES_ERROR;
				CLANG_WARN_SUSPICIOUS_MOVE = YES;
				CLANG_WARN_UNREACHABLE_CODE = YES;
				CLANG_WARN__DUPLICATE_METHOD_MATCH = YES;
				"CODE_SIGN_IDENTITY[sdk=iphoneos*]" = "iPhone Developer";
				COPY_PHASE_STRIP = NO;
				DEBUG_INFORMATION_FORMAT = dwarf;
				ENABLE_STRICT_OBJC_MSGSEND = YES;
				ENABLE_TESTABILITY = YES;
				GCC_C_LANGUAGE_STANDARD = gnu99;
				GCC_DYNAMIC_NO_PIC = NO;
				GCC_NO_COMMON_BLOCKS = YES;
				GCC_OPTIMIZATION_LEVEL = 0;
				GCC_PREPROCESSOR_DEFINITIONS = (
					"DEBUG=1",
					"$(inherited)",
				);
				GCC_WARN_64_TO_32_BIT_CONVERSION = YES;
				GCC_WARN_ABOUT_RETURN_TYPE = YES_ERROR;
				GCC_WARN_UNDECLARED_SELECTOR = YES;
				GCC_WARN_UNINITIALIZED_AUTOS = YES_AGGRESSIVE;
				GCC_WARN_UNUSED_FUNCTION = YES;
				GCC_WARN_UNUSED_VARIABLE = YES;
				IPHONEOS_DEPLOYMENT_TARGET = 10.2;
				MTL_ENABLE_DEBUG_INFO = YES;
				ONLY_ACTIVE_ARCH = YES;
				SDKROOT = iphoneos;
				SWIFT_ACTIVE_COMPILATION_CONDITIONS = DEBUG;
				SWIFT_OPTIMIZATION_LEVEL = "-Onone";
				TARGETED_DEVICE_FAMILY = "1,2";
			};
			name = Debug;
		};
		3BE130FA1E1D60FA00AA7177 /* Release */ = {
			isa = XCBuildConfiguration;
			buildSettings = {
				ALWAYS_SEARCH_USER_PATHS = NO;
				CLANG_ANALYZER_NONNULL = YES;
				CLANG_CXX_LANGUAGE_STANDARD = "gnu++0x";
				CLANG_CXX_LIBRARY = "libc++";
				CLANG_ENABLE_MODULES = YES;
				CLANG_ENABLE_OBJC_ARC = YES;
				CLANG_WARN_BOOL_CONVERSION = YES;
				CLANG_WARN_CONSTANT_CONVERSION = YES;
				CLANG_WARN_DIRECT_OBJC_ISA_USAGE = YES_ERROR;
				CLANG_WARN_DOCUMENTATION_COMMENTS = YES;
				CLANG_WARN_EMPTY_BODY = YES;
				CLANG_WARN_ENUM_CONVERSION = YES;
				CLANG_WARN_INFINITE_RECURSION = YES;
				CLANG_WARN_INT_CONVERSION = YES;
				CLANG_WARN_OBJC_ROOT_CLASS = YES_ERROR;
				CLANG_WARN_SUSPICIOUS_MOVE = YES;
				CLANG_WARN_UNREACHABLE_CODE = YES;
				CLANG_WARN__DUPLICATE_METHOD_MATCH = YES;
				"CODE_SIGN_IDENTITY[sdk=iphoneos*]" = "iPhone Developer";
				COPY_PHASE_STRIP = NO;
				DEBUG_INFORMATION_FORMAT = "dwarf-with-dsym";
				ENABLE_NS_ASSERTIONS = NO;
				ENABLE_STRICT_OBJC_MSGSEND = YES;
				GCC_C_LANGUAGE_STANDARD = gnu99;
				GCC_NO_COMMON_BLOCKS = YES;
				GCC_WARN_64_TO_32_BIT_CONVERSION = YES;
				GCC_WARN_ABOUT_RETURN_TYPE = YES_ERROR;
				GCC_WARN_UNDECLARED_SELECTOR = YES;
				GCC_WARN_UNINITIALIZED_AUTOS = YES_AGGRESSIVE;
				GCC_WARN_UNUSED_FUNCTION = YES;
				GCC_WARN_UNUSED_VARIABLE = YES;
				IPHONEOS_DEPLOYMENT_TARGET = 10.2;
				MTL_ENABLE_DEBUG_INFO = NO;
				SDKROOT = iphoneos;
				SWIFT_OPTIMIZATION_LEVEL = "-Owholemodule";
				TARGETED_DEVICE_FAMILY = "1,2";
				VALIDATE_PRODUCT = YES;
			};
			name = Release;
		};
		3BE130FC1E1D60FA00AA7177 /* Debug */ = {
			isa = XCBuildConfiguration;
			baseConfigurationReference = C8D301EA194299301FFE735A /* Pods-giving.debug.xcconfig */;
			buildSettings = {
				ASSETCATALOG_COMPILER_APPICON_NAME = AppIcon;
				DEVELOPMENT_TEAM = 2TNDFYS6JC;
				INFOPLIST_FILE = giving/Info.plist;
				LD_RUNPATH_SEARCH_PATHS = "$(inherited) @executable_path/Frameworks";
				PRODUCT_BUNDLE_IDENTIFIER = dekko.giving;
				PRODUCT_NAME = "$(TARGET_NAME)";
				SWIFT_VERSION = 3.0;
			};
			name = Debug;
		};
		3BE130FD1E1D60FA00AA7177 /* Release */ = {
			isa = XCBuildConfiguration;
			baseConfigurationReference = 9A36045BBB55A0DC9A090752 /* Pods-giving.release.xcconfig */;
			buildSettings = {
				ASSETCATALOG_COMPILER_APPICON_NAME = AppIcon;
				DEVELOPMENT_TEAM = 2TNDFYS6JC;
				INFOPLIST_FILE = giving/Info.plist;
				LD_RUNPATH_SEARCH_PATHS = "$(inherited) @executable_path/Frameworks";
				PRODUCT_BUNDLE_IDENTIFIER = dekko.giving;
				PRODUCT_NAME = "$(TARGET_NAME)";
				SWIFT_VERSION = 3.0;
			};
			name = Release;
		};
/* End XCBuildConfiguration section */

/* Begin XCConfigurationList section */
		3BE130E41E1D60FA00AA7177 /* Build configuration list for PBXProject "giving" */ = {
			isa = XCConfigurationList;
			buildConfigurations = (
				3BE130F91E1D60FA00AA7177 /* Debug */,
				3BE130FA1E1D60FA00AA7177 /* Release */,
			);
			defaultConfigurationIsVisible = 0;
			defaultConfigurationName = Release;
		};
		3BE130FB1E1D60FA00AA7177 /* Build configuration list for PBXNativeTarget "giving" */ = {
			isa = XCConfigurationList;
			buildConfigurations = (
				3BE130FC1E1D60FA00AA7177 /* Debug */,
				3BE130FD1E1D60FA00AA7177 /* Release */,
			);
			defaultConfigurationIsVisible = 0;
			defaultConfigurationName = Release;
		};
/* End XCConfigurationList section */
	};
	rootObject = 3BE130E11E1D60FA00AA7177 /* Project object */;
}
